<?xml version="1.0" encoding="UTF-8" standalone="yes" ?>
<CodeBlocks_project_file>
	<FileVersion major="1" minor="6" />
	<Project>
		<Option title="Aortic-Valve" />
		<Option pch_mode="2" />
		<Option compiler="gcc" />
		<Build>
			<Target title="Debug">
				<Option output="bin/Debug/Aortic-Valve" prefix_auto="1" extension_auto="1" />
				<Option object_output="obj/Debug/" />
				<Option type="1" />
				<Option compiler="gcc" />
				<Compiler>
					<Add option="-std=c++1z" />
					<Add option="-g" />
					<Add directory="include" />
				</Compiler>
				<Linker>
					<Add library="BulletCollision_codeblocks_x64_debug" />
					<Add library="LinearMath_codeblocks_x64_debug" />
					<Add library="Bullet3Collision_codeblocks_x64_debug" />
				</Linker>
			</Target>
			<Target title="Release">
				<Option output="bin/Release/Aortic-Valve" prefix_auto="1" extension_auto="1" />
				<Option object_output="obj/Release/" />
				<Option type="1" />
				<Option compiler="gcc" />
				<Compiler>
					<Add option="-O2" />
					<Add directory="include" />
				</Compiler>
				<Linker>
					<Add option="-s" />
					<Add library="BulletCollision_codeblocks_x64_release" />
					<Add library="LinearMath_codeblocks_x64_release" />
					<Add library="Bullet3Collision_codeblocks_x64_release" />
				</Linker>
			</Target>
		</Build>
		<Compiler>
			<Add option="-Wall" />
			<Add option="-fexceptions" />
			<Add directory="usr/include" />
			<Add directory="/home/alex/Desktop/prog/C++-prog/Bullet/BulletTrainig/bullet3-2.88/src" />
		</Compiler>
		<Linker>
			<Add library="SDL" />
			<Add library="GL" />
			<Add library="GLU" />
			<Add library="SDL_image" />
			<Add directory="/home/alex/Desktop/prog/C++-prog/Bullet/BulletTrainig/bullet3-2.88/bin" />
		</Linker>
		<Unit filename="include/NetCollisionShape.h" />
		<Unit filename="include/NetConcaveCollisionAlgorithm.h" />
		<Unit filename="include/NetNetCollisionAlgorithm.h" />
		<Unit filename="include/Net_Wraper.h" />
		<Unit filename="include/Solver.h" />
		<Unit filename="include/World.h" />
		<Unit filename="include/ani_lin_stress.h" />
		<Unit filename="include/bound-box.h" />
		<Unit filename="include/camera.h">
			<Option target="&lt;{~None~}&gt;" />
		</Unit>
		<Unit filename="include/computation.h" />
		<Unit filename="include/data.h" />
		<Unit filename="include/elem.h" />
		<Unit filename="include/format_in.h" />
		<Unit filename="include/hermit-splines.h" />
		<Unit filename="include/intersection.h" />
		<Unit filename="include/nets.h" />
		<Unit filename="include/node.h" />
		<Unit filename="include/point.h" />
		<Unit filename="include/postcomputation.h" />
		<Unit filename="include/precomputation.h" />
		<Unit filename="include/save-data.h" />
		<Unit filename="include/separate.h" />
		<Unit filename="include/sew_leaf.h" />
		<Unit filename="include/spring.h" />
		<Unit filename="include/stress-interface.h" />
		<Unit filename="include/stress.h" />
		<Unit filename="src/NetCollisionShape.cpp">
			<Option target="&lt;{~None~}&gt;" />
		</Unit>
		<Unit filename="src/NetConcaveCollisionAlgorithm.cpp" />
		<Unit filename="src/NetNetCollisionAlgorithm.cpp" />
		<Unit filename="src/Net_Wraper.cpp" />
		<Unit filename="src/Solver.cpp" />
		<Unit filename="src/StaticCollisionAlgorithm.cpp" />
		<Unit filename="src/World.cpp" />
		<Unit filename="src/ani_lin_stress.c">
			<Option compilerVar="CPP" />
		</Unit>
		<Unit filename="src/bound-box.c">
			<Option compilerVar="CPP" />
		</Unit>
		<Unit filename="src/camera.c">
			<Option compilerVar="CPP" />
		</Unit>
		<Unit filename="src/computation.c">
			<Option compilerVar="CPP" />
		</Unit>
		<Unit filename="src/data.c">
			<Option compilerVar="CPP" />
		</Unit>
		<Unit filename="src/elem.c">
			<Option compilerVar="CPP" />
		</Unit>
		<Unit filename="src/format_in.c">
			<Option compilerVar="CPP" />
		</Unit>
		<Unit filename="src/hermit-splines.c">
			<Option compilerVar="CPP" />
		</Unit>
		<Unit filename="src/intersection.c">
			<Option compilerVar="CPP" />
		</Unit>
		<Unit filename="src/main.c">
			<Option compilerVar="CPP" />
		</Unit>
		<Unit filename="src/nets.c">
			<Option compilerVar="CPP" />
		</Unit>
		<Unit filename="src/node.c">
			<Option compilerVar="CPP" />
		</Unit>
		<Unit filename="src/point.c">
			<Option compilerVar="CPP" />
		</Unit>
		<Unit filename="src/postcomputation.c">
			<Option compilerVar="CPP" />
		</Unit>
		<Unit filename="src/precomputation.c">
			<Option compilerVar="CPP" />
		</Unit>
		<Unit filename="src/save-data.c">
			<Option compilerVar="CPP" />
		</Unit>
		<Unit filename="src/separate.c">
			<Option compilerVar="CPP" />
		</Unit>
		<Unit filename="src/sew_leaf.c">
			<Option compilerVar="CPP" />
		</Unit>
		<Unit filename="src/spring.c">
			<Option compilerVar="CPP" />
		</Unit>
		<Extensions>
			<code_completion />
			<debugger />
		</Extensions>
	</Project>
</CodeBlocks_project_file>
